github.com/Fontinalis/fonet v0.2.0 h1:IneGGRj4PKjODrjcUuxFEBy0YFXEahUpuzwR4pCX9B0=
github.com/Fontinalis/fonet v0.2.0/go.mod h1:jtoMZ3bWIQjelUXNugywYisOq3Bg7aRKA0sLmYyUFSA=
github.com/caarlos0/env/v6 v6.10.1 h1:t1mPSxNpei6M5yAeu1qtRdPAK29Nbcf/n3G7x+b3/II=
github.com/caarlos0/env/v6 v6.10.1/go.mod h1:hvp/ryKXKipEkcuYjs9mI4bBCg+UI0Yhgm5Zu0ddvwc=
